{
    "_meta": {
        "hash": {
            "sha256": "6127a55cda857551dfea72802e4503552cf64d294608aa3226656a850a5e1bc0"
        },
        "pipfile-spec": 6,
        "requires": {
            "python_version": "2.7"
        },
        "sources": [
            {
                "name": "pypi",
                "url": "https://pypi.org/simple",
                "verify_ssl": true
            }
        ]
    },
    "default": {
        "astroid": {
            "hashes": [
                "sha256:0ef2bf9f07c3150929b25e8e61b5198c27b0dca195e156f0e4d5bdd89185ca1a",
                "sha256:fc9b582dba0366e63540982c3944a9230cbc6f303641c51483fa547dcc22393a"
            ],
            "index": "pypi",
            "version": "==1.6.5"
        },
        "babel": {
            "hashes": [
                "sha256:3318ed2960240d61cbc6558858ee00c10eed77a6508c4d1ed8e6f7f48399c975",
                "sha256:c535c4403802f6eb38173cd4863e419e2274921a01a8aad8a5b497c131c62875"
            ],
            "index": "pypi",
            "version": "==2.3.4"
        },
        "backports.functools-lru-cache": {
            "hashes": [
                "sha256:9d98697f088eb1b0fa451391f91afb5e3ebde16bbdb272819fd091151fda4f1a",
                "sha256:f0b0e4eba956de51238e17573b7087e852dfe9854afd2e9c873f73fc0ca0a6dd"
            ],
            "index": "pypi",
            "markers": "python_version == '2.7'",
            "version": "==1.5"
        },
        "configparser": {
            "hashes": [
                "sha256:5308b47021bc2340965c371f0f058cc6971a04502638d4244225c49d80db273a"
            ],
            "index": "pypi",
            "version": "==3.5.0"
        },
        "enum34": {
            "hashes": [
                "sha256:2d81cbbe0e73112bdfe6ef8576f2238f2ba27dd0d55752a776c41d38b7da2850",
                "sha256:644837f692e5f550741432dd3f223bbb9852018674981b1664e5dc339387588a",
                "sha256:6bd0f6ad48ec2aa117d3d141940d484deccda84d4fcd884f5c3d93c23ecd8c79",
                "sha256:8ad8c4783bf61ded74527bffb48ed9b54166685e4230386a9ed9b1279e2df5b1"
            ],
            "index": "pypi",
            "version": "==1.1.6"
        },
        "flask": {
            "hashes": [
                "sha256:4c83829ff83d408b5e1d4995472265411d2c414112298f2eb4b359d9e4563373"
            ],
            "index": "pypi",
            "version": "==0.10.1"
        },
        "flask-admin": {
            "hashes": [
                "sha256:f2d58448985cf25d757be8e4764a46134a6d0a6ec7fcddc584050a6cc8732d6f"
            ],
            "index": "pypi",
            "version": "==1.4.0"
        },
        "flask-auth": {
            "hashes": [
                "sha256:a749c1f021a731ba8b40656bf863093840fa8cb4f1d2675571c1073357245285"
            ],
            "index": "pypi",
            "version": "==0.85"
        },
        "flask-babel": {
            "hashes": [
                "sha256:d29b36c399e42e98bc9401c8c1c159f2befcb8c12a2a2a87ec49ad7623036899"
            ],
            "index": "pypi",
            "version": "==0.11.1"
        },
        "flask-login": {
            "hashes": [
                "sha256:e72eff5c35e5a31db1aeca1db5d2501be702674ea88e8f223b5d2b11644beee6"
            ],
            "index": "pypi",
            "version": "==0.3.2"
        },
        "flask-sqlalchemy": {
            "hashes": [
                "sha256:990387d2cff83df7feb40e9d6b286f2679144258480249cbd47b88dc0939e886"
            ],
            "index": "pypi",
            "version": "==2.0"
        },
        "flask-wtf": {
            "hashes": [
                "sha256:2f53a4b314ec26824d0b70f0766b7dd74c6df77bcf8b64de88e1354bc900874b",
                "sha256:c1de81c9c2b6d1ceb3342850b7113ed7c04bab78b3c3ee0fb144d5de5fbc5a61"
            ],
            "index": "pypi",
            "version": "==0.11"
        },
        "futures": {
            "hashes": [
                "sha256:9ec02aa7d674acb8618afb127e27fde7fc68994c0437ad759fa094a574adb265",
                "sha256:ec0a6cb848cc212002b9828c3e34c675e0c9ff6741dc445cab6fdd4e1085d1f1"
            ],
            "index": "pypi",
            "version": "==3.2.0"
        },
        "isort": {
            "hashes": [
                "sha256:1153601da39a25b14ddc54955dbbacbb6b2d19135386699e2ad58517953b34af",
                "sha256:b9c40e9750f3d77e6e4d441d8b0266cf555e7cdabdcff33c4fd06366ca761ef8",
                "sha256:ec9ef8f4a9bc6f71eec99e1806bfa2de401650d996c59330782b89a5555c1497"
            ],
            "index": "pypi",
            "version": "==4.3.4"
        },
        "itsdangerous": {
            "hashes": [
                "sha256:cbb3fcf8d3e33df861709ecaf89d9e6629cff0a217bc2848f1b41cd30d360519"
            ],
            "index": "pypi",
            "version": "==0.24"
        },
        "jinja2": {
            "hashes": [
                "sha256:2e24ac5d004db5714976a04ac0e80c6df6e47e98c354cb2c0d82f8879d4f8fdb"
            ],
            "index": "pypi",
            "version": "==2.7.3"
        },
        "lazy-object-proxy": {
            "hashes": [
                "sha256:0ce34342b419bd8f018e6666bfef729aec3edf62345a53b537a4dcc115746a33",
                "sha256:1b668120716eb7ee21d8a38815e5eb3bb8211117d9a90b0f8e21722c0758cc39",
                "sha256:209615b0fe4624d79e50220ce3310ca1a9445fd8e6d3572a896e7f9146bbf019",
                "sha256:27bf62cb2b1a2068d443ff7097ee33393f8483b570b475db8ebf7e1cba64f088",
                "sha256:27ea6fd1c02dcc78172a82fc37fcc0992a94e4cecf53cb6d73f11749825bd98b",
                "sha256:2c1b21b44ac9beb0fc848d3993924147ba45c4ebc24be19825e57aabbe74a99e",
                "sha256:2df72ab12046a3496a92476020a1a0abf78b2a7db9ff4dc2036b8dd980203ae6",
                "sha256:320ffd3de9699d3892048baee45ebfbbf9388a7d65d832d7e580243ade426d2b",
                "sha256:50e3b9a464d5d08cc5227413db0d1c4707b6172e4d4d915c1c70e4de0bbff1f5",
                "sha256:5276db7ff62bb7b52f77f1f51ed58850e315154249aceb42e7f4c611f0f847ff",
                "sha256:61a6cf00dcb1a7f0c773ed4acc509cb636af2d6337a08f362413c76b2b47a8dd",
                "sha256:6ae6c4cb59f199d8827c5a07546b2ab7e85d262acaccaacd49b62f53f7c456f7",
                "sha256:7661d401d60d8bf15bb5da39e4dd72f5d764c5aff5a86ef52a042506e3e970ff",
                "sha256:7bd527f36a605c914efca5d3d014170b2cb184723e423d26b1fb2fd9108e264d",
                "sha256:7cb54db3535c8686ea12e9535eb087d32421184eacc6939ef15ef50f83a5e7e2",
                "sha256:7f3a2d740291f7f2c111d86a1c4851b70fb000a6c8883a59660d95ad57b9df35",
                "sha256:81304b7d8e9c824d058087dcb89144842c8e0dea6d281c031f59f0acf66963d4",
                "sha256:933947e8b4fbe617a51528b09851685138b49d511af0b6c0da2539115d6d4514",
                "sha256:94223d7f060301b3a8c09c9b3bc3294b56b2188e7d8179c762a1cda72c979252",
                "sha256:ab3ca49afcb47058393b0122428358d2fbe0408cf99f1b58b295cfeb4ed39109",
                "sha256:bd6292f565ca46dee4e737ebcc20742e3b5be2b01556dafe169f6c65d088875f",
                "sha256:cb924aa3e4a3fb644d0c463cad5bc2572649a6a3f68a7f8e4fbe44aaa6d77e4c",
                "sha256:d0fc7a286feac9077ec52a927fc9fe8fe2fabab95426722be4c953c9a8bede92",
                "sha256:ddc34786490a6e4ec0a855d401034cbd1242ef186c20d79d2166d6a4bd449577",
                "sha256:e34b155e36fa9da7e1b7c738ed7767fc9491a62ec6af70fe9da4a057759edc2d",
                "sha256:e5b9e8f6bda48460b7b143c3821b21b452cb3a835e6bbd5dd33aa0c8d3f5137d",
                "sha256:e81ebf6c5ee9684be8f2c87563880f93eedd56dd2b6146d8a725b50b7e5adb0f",
                "sha256:eb91be369f945f10d3a49f5f9be8b3d0b93a4c2be8f8a5b83b0571b8123e0a7a",
                "sha256:f460d1ceb0e4a5dcb2a652db0904224f367c9b3c1470d5a7683c0480e582468b"
            ],
            "index": "pypi",
            "version": "==1.3.1"
        },
        "markdown2": {
            "hashes": [
                "sha256:8bb9a24eb2aa02f1427aabe46483f0f0215ab18c8a345315ae8e2ee3c3a09c03"
            ],
            "index": "pypi",
            "version": "==2.3.5"
        },
        "markupsafe": {
            "hashes": [
                "sha256:a4ec1aff59b95a14b45eb2e23761a0179e98319da5a7eb76b56ea8cdc7b871c3"
            ],
            "index": "pypi",
            "version": "==0.23"
        },
        "mccabe": {
            "hashes": [
                "sha256:ab8a6258860da4b6677da4bd2fe5dc2c659cff31b3ee4f7f5d64e79735b80d42",
                "sha256:dd8d182285a0fe56bace7f45b5e7d1a6ebcbf524e8f3bd87eb0f125271b8831f"
            ],
            "index": "pypi",
            "version": "==0.6.1"
        },
        "passlib": {
            "hashes": [
                "sha256:a83d34f53dc9b17aa42c9a35c3fbcc5120f3fcb07f7f8721ec45e6a27be347fc",
                "sha256:ad631a58dc8abeb0f48016c13f4b3b0f3a7b1045a8cb3c61dd15e2d95b45c472"
            ],
            "index": "pypi",
            "version": "==1.6.5"
        },
        "pi": {
            "hashes": [
                "sha256:8d503a790317f7fbce7469c4160e44b1c76492571b2b0c0596636a1794800f75"
            ],
            "index": "pypi",
            "version": "==0.1.2"
        },
        "pylint": {
            "hashes": [
                "sha256:09bc539f85706f2cca720a7ddf28f5c6cf8185708d6cb5bbf7a90a32c3b3b0aa",
                "sha256:b8471105f12c73a1b9eee2bb2474080370e062a7290addd215eb34bc4dfe9fd8"
            ],
            "index": "pypi",
            "version": "==1.9.3"
        },
        "pytz": {
            "hashes": [
                "sha256:7016b2c4fa075c564b81c37a252a5fccf60d8964aa31b7f5eae59aeb594ae02b",
                "sha256:9a43e20aa537cfad8fe7a1715165c91cb4a6935d40947f2d070e4c80f2dcd22b",
                "sha256:a1ea35e87a63c7825846d5b5c81d23d668e8a102d3b1b465ce95afe1b3a2e065",
                "sha256:aafbf066975fe217ed49d7d197b26903d3b43e9ca2aa6ba0a211081f13c41917"
            ],
            "index": "pypi",
            "version": "==2016.10"
        },
        "singledispatch": {
            "hashes": [
                "sha256:5b06af87df13818d14f08a028e42f566640aef80805c3b50c5056b086e3c2b9c",
                "sha256:833b46966687b3de7f438c761ac475213e53b306740f1abfaa86e1d1aae56aa8"
            ],
            "index": "pypi",
            "version": "==3.4.0.3"
        },
        "six": {
            "hashes": [
                "sha256:70e8a77beed4562e7f14fe23a786b54f6296e34344c23bc42f07b15018ff98e9",
                "sha256:832dc0e10feb1aa2c68dcc57dbb658f1c7e65b9b61af69048abc87a2db00a0eb"
            ],
            "index": "pypi",
            "version": "==1.11.0"
        },
        "sqlalchemy": {
            "hashes": [
                "sha256:99a8a54bec4988f704c54ee9f769aa196db43a5ef7ed655b78a80a129c9c65f3"
            ],
            "index": "pypi",
            "version": "==1.0.6"
        },
        "werkzeug": {
            "hashes": [
                "sha256:9d2771e4c89be127bc4bac056ab7ceaf0e0064c723d6b6e195739c3af4fd5c1d",
                "sha256:a438aa8c3f513a5cf3dda02a62f9e022b7598e9fbfeba14ba2d6dd957c8ab436"
            ],
            "index": "pypi",
            "version": "==0.10.4"
        },
        "wrapt": {
            "hashes": [
                "sha256:d4d560d479f2c21e1b5443bbd15fe7ec4b37fe7e53d335d3b9b0a7b1226fe3c6"
            ],
            "index": "pypi",
            "version": "==1.10.11"
        },
        "wtforms": {
            "hashes": [
                "sha256:10737758ceae03b53021f3aa7e81bfc8dd6f679c879ffeb5e64ac6570facb6c1",
                "sha256:4423cd4f0ebf584e99f66e6bcee23b6acb18d6c8cec64ce8627939ef7ff2d0af",
                "sha256:da3a39b57460c88539cb4eb3e36aa2946aa7ce4dfaa01ccd2a23f47f70a1b5de"
            ],
            "index": "pypi",
            "version": "==2.0.2"
        }
    },
    "develop": {}
}
